
Microsoft Visual Studio Solution File, Format Version 12.00
# Visual Studio Version 16
VisualStudioVersion = 16.0.31702.278
MinimumVisualStudioVersion = 10.0.40219.1
Project("{FAE04EC0-301F-11D3-BF4B-00C04F79EFBC}") = "NetCoreBlogEntires", "NetCoreBlogEntires\NetCoreBlogEntires.csproj", "{E874C57B-6C5F-48E2-8EDB-B82ACA703167}"
EndProject
Global
	GlobalSection(SolutionConfigurationPlatforms) = preSolution
		Debug|Any CPU = Debug|Any CPU
		Release|Any CPU = Release|Any CPU
	EndGlobalSection
	GlobalSection(ProjectConfigurationPlatforms) = postSolution
		{E874C57B-6C5F-48E2-8EDB-B82ACA703167}.Debug|Any CPU.ActiveCfg = Debug|Any CPU
		{E874C57B-6C5F-48E2-8EDB-B82ACA703167}.Debug|Any CPU.Build.0 = Debug|Any CPU
		{E874C57B-6C5F-48E2-8EDB-B82ACA703167}.Release|Any CPU.ActiveCfg = Release|Any CPU
		{E874C57B-6C5F-48E2-8EDB-B82ACA703167}.Release|Any CPU.Build.0 = Release|Any CPU
	EndGlobalSection
	GlobalSection(SolutionProperties) = preSolution
		HideSolutionNode = FALSE
	EndGlobalSection
	GlobalSection(ExtensibilityGlobals) = postSolution
		SolutionGuid = {56AC9E0E-0761-4748-AB4B-42271137CF1F}
	EndGlobalSection
EndGlobal
